
Microsoft Visual Studio Solution File, Format Version 12.00
# Visual Studio Version 17
VisualStudioVersion = 17.3.32901.215
MinimumVisualStudioVersion = 10.0.40219.1
Project("{FAE04EC0-301F-11D3-BF4B-00C04F79EFBC}") = "Chess-Coding-Adventure", "Chess-Coding-Adventure\Chess-Coding-Adventure.csproj", "{ED7DAC29-D955-406C-B0FE-9CA9D85DE655}"
EndProject
Global
	GlobalSection(SolutionConfigurationPlatforms) = preSolution
		Debug|Any CPU = Debug|Any CPU
		Release|Any CPU = Release|Any CPU
	EndGlobalSection
	GlobalSection(ProjectConfigurationPlatforms) = postSolution
		{ED7DAC29-D955-406C-B0FE-9CA9D85DE655}.Debug|Any CPU.ActiveCfg = Debug|Any CPU
		{ED7DAC29-D955-406C-B0FE-9CA9D85DE655}.Debug|Any CPU.Build.0 = Debug|Any CPU
		{ED7DAC29-D955-406C-B0FE-9CA9D85DE655}.Release|Any CPU.ActiveCfg = Release|Any CPU
		{ED7DAC29-D955-406C-B0FE-9CA9D85DE655}.Release|Any CPU.Build.0 = Release|Any CPU
	EndGlobalSection
	GlobalSection(SolutionProperties) = preSolution
		HideSolutionNode = FALSE
	EndGlobalSection
	GlobalSection(ExtensibilityGlobals) = postSolution
		SolutionGuid = {590F5314-2CEB-42D1-8A52-C288A16CBFB1}
	EndGlobalSection
EndGlobal
